{
  "name": "catalog",
  "version": "0.1.0",
  "lockfileVersion": 3,
  "requires": true,
  "packages": {
    "": {
      "name": "catalog",
      "version": "0.1.0",
      "dependencies": {
        "blazor-wasm-single-spa": "^0.4.2"
      }
    },
    "node_modules/blazor-wasm-single-spa": {
      "version": "0.4.2",
      "resolved": "https://registry.npmjs.org/blazor-wasm-single-spa/-/blazor-wasm-single-spa-0.4.2.tgz",
      "integrity": "sha512-THj0RSG6uGOhaF+QZoU/PDVJ0HWxTFMUVPreZ1tvhOfhmsyjafrchqNipzOP+HJ8dBMMGTqVDLt+tqNycZdVoA=="
    }
  }
}
