{
  "name": "catalog",
  "version": "0.1.0",
  "lockfileVersion": 3,
  "requires": true,
  "packages": {
    "": {
      "name": "catalog",
      "version": "0.1.0",
      "dependencies": {
        "blazor-wasm-single-spa": "^0.4.3"
      }
    },
    "node_modules/blazor-wasm-single-spa": {
      "version": "0.4.3",
      "resolved": "https://registry.npmjs.org/blazor-wasm-single-spa/-/blazor-wasm-single-spa-0.4.3.tgz",
      "integrity": "sha512-vy5LvOjUkgmVl1WeU/64yqSugcSKI5x+wKpfh/G3x4YecuiXi+2z+ujVhD3AV4J04H0CtRad0QzBvWh1R5YFbw=="
    }
  }
}
